// !$*UTF8*$!
{
	archiveVersion = 1;
	classes = {
	};
	objectVersion = 50;
	objects = {

/* Begin PBXBuildFile section */
		8730AE0724549B1C00A47A9D /* EntryVeryfier.swift in Sources */ = {isa = PBXBuildFile; fileRef = 8730AE0524549AF500A47A9D /* EntryVeryfier.swift */; };
		8733696F25770F610058B330 /* SplashView.swift in Sources */ = {isa = PBXBuildFile; fileRef = 8733696E25770F610058B330 /* SplashView.swift */; };
		873369772577F0C90058B330 /* DayHelper.swift in Sources */ = {isa = PBXBuildFile; fileRef = 873369762577F0C90058B330 /* DayHelper.swift */; };
		8733912F244E2A7000434489 /* EntryTextField.swift in Sources */ = {isa = PBXBuildFile; fileRef = 8733912E244E2A7000434489 /* EntryTextField.swift */; };
		87467AA3243EE1DF00B03ED4 /* Extenstions.swift in Sources */ = {isa = PBXBuildFile; fileRef = 87467AA2243EE1DF00B03ED4 /* Extenstions.swift */; };
		87482402256C8744008CAB2D /* AnimationImageView.swift in Sources */ = {isa = PBXBuildFile; fileRef = 87482401256C8744008CAB2D /* AnimationImageView.swift */; };
		874CFAD524464283003A273D /* SettingRow.swift in Sources */ = {isa = PBXBuildFile; fileRef = 874CFAD424464283003A273D /* SettingRow.swift */; };
		8754FCD824B3C6DF0020612C /* ICloudAnimationView.swift in Sources */ = {isa = PBXBuildFile; fileRef = 8754FCD724B3C6DF0020612C /* ICloudAnimationView.swift */; };
		87573320246203C500AA587E /* CloudKit.framework in Frameworks */ = {isa = PBXBuildFile; fileRef = 8757331F246203C500AA587E /* CloudKit.framework */; };
		8757332224621EF800AA587E /* CircleGoalView.swift in Sources */ = {isa = PBXBuildFile; fileRef = 8757332124621EF800AA587E /* CircleGoalView.swift */; };
		8757332424621F7C00AA587E /* BarMenuView.swift in Sources */ = {isa = PBXBuildFile; fileRef = 8757332324621F7C00AA587E /* BarMenuView.swift */; };
		876A3AC72446258D00D0471E /* SettingsView.swift in Sources */ = {isa = PBXBuildFile; fileRef = 876A3AC62446258D00D0471E /* SettingsView.swift */; };
		876C26C72438EC83006DD63B /* AppDelegate.swift in Sources */ = {isa = PBXBuildFile; fileRef = 876C26C62438EC83006DD63B /* AppDelegate.swift */; };
		876C26C92438EC83006DD63B /* SceneDelegate.swift in Sources */ = {isa = PBXBuildFile; fileRef = 876C26C82438EC83006DD63B /* SceneDelegate.swift */; };
		876C26CB2438EC83006DD63B /* MasterView.swift in Sources */ = {isa = PBXBuildFile; fileRef = 876C26CA2438EC83006DD63B /* MasterView.swift */; };
		876C26CD2438EC84006DD63B /* Assets.xcassets in Resources */ = {isa = PBXBuildFile; fileRef = 876C26CC2438EC84006DD63B /* Assets.xcassets */; };
		876C26D02438EC84006DD63B /* Preview Assets.xcassets in Resources */ = {isa = PBXBuildFile; fileRef = 876C26CF2438EC84006DD63B /* Preview Assets.xcassets */; };
		876C26D32438EC84006DD63B /* LaunchScreen.storyboard in Resources */ = {isa = PBXBuildFile; fileRef = 876C26D12438EC84006DD63B /* LaunchScreen.storyboard */; };
		876C26DE2438EC84006DD63B /* ProteinJournalTests.swift in Sources */ = {isa = PBXBuildFile; fileRef = 876C26DD2438EC84006DD63B /* ProteinJournalTests.swift */; };
		876C26E92438EC84006DD63B /* ProteinJournalUITests.swift in Sources */ = {isa = PBXBuildFile; fileRef = 876C26E82438EC84006DD63B /* ProteinJournalUITests.swift */; };
		876D7621245748940013E8AA /* EntrySavedBanner.swift in Sources */ = {isa = PBXBuildFile; fileRef = 876D7620245748940013E8AA /* EntrySavedBanner.swift */; };
		8773234F256DF21000FB16A2 /* CoreDataController.swift in Sources */ = {isa = PBXBuildFile; fileRef = 8773234E256DF21000FB16A2 /* CoreDataController.swift */; };
		87784F342530E41600620406 /* SavedAnimation.swift in Sources */ = {isa = PBXBuildFile; fileRef = 87784F332530E41600620406 /* SavedAnimation.swift */; };
		879BE7D1258AE8D60062B6BC /* Model.xcdatamodeld in Sources */ = {isa = PBXBuildFile; fileRef = 879BE7CF258AE8D60062B6BC /* Model.xcdatamodeld */; };
		87A3B0ED2592D5E000DB3D3C /* NewDayView.swift in Sources */ = {isa = PBXBuildFile; fileRef = 87A3B0EC2592D5E000DB3D3C /* NewDayView.swift */; };
		87C7518E24AAB2EE00B426F8 /* CKController.swift in Sources */ = {isa = PBXBuildFile; fileRef = 87C7518D24AAB2EE00B426F8 /* CKController.swift */; };
		87DE57DB24A174D700C3C6FA /* ProgressBar.swift in Sources */ = {isa = PBXBuildFile; fileRef = 87DE57DA24A174D700C3C6FA /* ProgressBar.swift */; };
		87E16DF12448B52F00DFF2A3 /* PersonalizedViews.swift in Sources */ = {isa = PBXBuildFile; fileRef = 87E16DF02448B52F00DFF2A3 /* PersonalizedViews.swift */; };
		87E16DF32448BAFA00DFF2A3 /* ManualEntryVIew.swift in Sources */ = {isa = PBXBuildFile; fileRef = 87E16DF22448BAFA00DFF2A3 /* ManualEntryVIew.swift */; };
		87E16DF52448D1D700DFF2A3 /* AddEntryMenuView.swift in Sources */ = {isa = PBXBuildFile; fileRef = 87E16DF42448D1D700DFF2A3 /* AddEntryMenuView.swift */; };
/* End PBXBuildFile section */

/* Begin PBXContainerItemProxy section */
		876C26DA2438EC84006DD63B /* PBXContainerItemProxy */ = {
			isa = PBXContainerItemProxy;
			containerPortal = 876C26BB2438EC83006DD63B /* Project object */;
			proxyType = 1;
			remoteGlobalIDString = 876C26C22438EC83006DD63B;
			remoteInfo = ProteinJournal;
		};
		876C26E52438EC84006DD63B /* PBXContainerItemProxy */ = {
			isa = PBXContainerItemProxy;
			containerPortal = 876C26BB2438EC83006DD63B /* Project object */;
			proxyType = 1;
			remoteGlobalIDString = 876C26C22438EC83006DD63B;
			remoteInfo = ProteinJournal;
		};
/* End PBXContainerItemProxy section */

/* Begin PBXFileReference section */
		8730AE0524549AF500A47A9D /* EntryVeryfier.swift */ = {isa = PBXFileReference; lastKnownFileType = sourcecode.swift; path = EntryVeryfier.swift; sourceTree = "<group>"; };
		8733696E25770F610058B330 /* SplashView.swift */ = {isa = PBXFileReference; lastKnownFileType = sourcecode.swift; path = SplashView.swift; sourceTree = "<group>"; };
		873369762577F0C90058B330 /* DayHelper.swift */ = {isa = PBXFileReference; lastKnownFileType = sourcecode.swift; path = DayHelper.swift; sourceTree = "<group>"; };
		8733912E244E2A7000434489 /* EntryTextField.swift */ = {isa = PBXFileReference; lastKnownFileType = sourcecode.swift; path = EntryTextField.swift; sourceTree = "<group>"; };
		87467AA2243EE1DF00B03ED4 /* Extenstions.swift */ = {isa = PBXFileReference; lastKnownFileType = sourcecode.swift; path = Extenstions.swift; sourceTree = "<group>"; };
		87482401256C8744008CAB2D /* AnimationImageView.swift */ = {isa = PBXFileReference; lastKnownFileType = sourcecode.swift; path = AnimationImageView.swift; sourceTree = "<group>"; };
		874CFAD424464283003A273D /* SettingRow.swift */ = {isa = PBXFileReference; lastKnownFileType = sourcecode.swift; path = SettingRow.swift; sourceTree = "<group>"; };
		8754FCD724B3C6DF0020612C /* ICloudAnimationView.swift */ = {isa = PBXFileReference; lastKnownFileType = sourcecode.swift; path = ICloudAnimationView.swift; sourceTree = "<group>"; };
		8757331D2462033500AA587E /* ProteinJournal.entitlements */ = {isa = PBXFileReference; lastKnownFileType = text.plist.entitlements; path = ProteinJournal.entitlements; sourceTree = "<group>"; };
		8757331F246203C500AA587E /* CloudKit.framework */ = {isa = PBXFileReference; lastKnownFileType = wrapper.framework; name = CloudKit.framework; path = System/Library/Frameworks/CloudKit.framework; sourceTree = SDKROOT; };
		8757332124621EF800AA587E /* CircleGoalView.swift */ = {isa = PBXFileReference; lastKnownFileType = sourcecode.swift; path = CircleGoalView.swift; sourceTree = "<group>"; };
		8757332324621F7C00AA587E /* BarMenuView.swift */ = {isa = PBXFileReference; lastKnownFileType = sourcecode.swift; path = BarMenuView.swift; sourceTree = "<group>"; };
		876A3AC62446258D00D0471E /* SettingsView.swift */ = {isa = PBXFileReference; lastKnownFileType = sourcecode.swift; path = SettingsView.swift; sourceTree = "<group>"; };
		876C26C32438EC83006DD63B /* ProteinJournal.app */ = {isa = PBXFileReference; explicitFileType = wrapper.application; includeInIndex = 0; path = ProteinJournal.app; sourceTree = BUILT_PRODUCTS_DIR; };
		876C26C62438EC83006DD63B /* AppDelegate.swift */ = {isa = PBXFileReference; lastKnownFileType = sourcecode.swift; path = AppDelegate.swift; sourceTree = "<group>"; };
		876C26C82438EC83006DD63B /* SceneDelegate.swift */ = {isa = PBXFileReference; lastKnownFileType = sourcecode.swift; path = SceneDelegate.swift; sourceTree = "<group>"; };
		876C26CA2438EC83006DD63B /* MasterView.swift */ = {isa = PBXFileReference; lastKnownFileType = sourcecode.swift; path = MasterView.swift; sourceTree = "<group>"; };
		876C26CC2438EC84006DD63B /* Assets.xcassets */ = {isa = PBXFileReference; lastKnownFileType = folder.assetcatalog; path = Assets.xcassets; sourceTree = "<group>"; };
		876C26CF2438EC84006DD63B /* Preview Assets.xcassets */ = {isa = PBXFileReference; lastKnownFileType = folder.assetcatalog; path = "Preview Assets.xcassets"; sourceTree = "<group>"; };
		876C26D22438EC84006DD63B /* Base */ = {isa = PBXFileReference; lastKnownFileType = file.storyboard; name = Base; path = Base.lproj/LaunchScreen.storyboard; sourceTree = "<group>"; };
		876C26D42438EC84006DD63B /* Info.plist */ = {isa = PBXFileReference; lastKnownFileType = text.plist.xml; path = Info.plist; sourceTree = "<group>"; };
		876C26D92438EC84006DD63B /* ProteinJournalTests.xctest */ = {isa = PBXFileReference; explicitFileType = wrapper.cfbundle; includeInIndex = 0; path = ProteinJournalTests.xctest; sourceTree = BUILT_PRODUCTS_DIR; };
		876C26DD2438EC84006DD63B /* ProteinJournalTests.swift */ = {isa = PBXFileReference; lastKnownFileType = sourcecode.swift; path = ProteinJournalTests.swift; sourceTree = "<group>"; };
		876C26DF2438EC84006DD63B /* Info.plist */ = {isa = PBXFileReference; lastKnownFileType = text.plist.xml; path = Info.plist; sourceTree = "<group>"; };
		876C26E42438EC84006DD63B /* ProteinJournalUITests.xctest */ = {isa = PBXFileReference; explicitFileType = wrapper.cfbundle; includeInIndex = 0; path = ProteinJournalUITests.xctest; sourceTree = BUILT_PRODUCTS_DIR; };
		876C26E82438EC84006DD63B /* ProteinJournalUITests.swift */ = {isa = PBXFileReference; lastKnownFileType = sourcecode.swift; path = ProteinJournalUITests.swift; sourceTree = "<group>"; };
		876C26EA2438EC84006DD63B /* Info.plist */ = {isa = PBXFileReference; lastKnownFileType = text.plist.xml; path = Info.plist; sourceTree = "<group>"; };
		876D7620245748940013E8AA /* EntrySavedBanner.swift */ = {isa = PBXFileReference; lastKnownFileType = sourcecode.swift; path = EntrySavedBanner.swift; sourceTree = "<group>"; };
		8773234E256DF21000FB16A2 /* CoreDataController.swift */ = {isa = PBXFileReference; lastKnownFileType = sourcecode.swift; path = CoreDataController.swift; sourceTree = "<group>"; };
		87784F332530E41600620406 /* SavedAnimation.swift */ = {isa = PBXFileReference; lastKnownFileType = sourcecode.swift; path = SavedAnimation.swift; sourceTree = "<group>"; };
		879BE7D0258AE8D60062B6BC /* Model.xcdatamodel */ = {isa = PBXFileReference; lastKnownFileType = wrapper.xcdatamodel; path = Model.xcdatamodel; sourceTree = "<group>"; };
		87A3B0EC2592D5E000DB3D3C /* NewDayView.swift */ = {isa = PBXFileReference; lastKnownFileType = sourcecode.swift; path = NewDayView.swift; sourceTree = "<group>"; };
		87C7518D24AAB2EE00B426F8 /* CKController.swift */ = {isa = PBXFileReference; lastKnownFileType = sourcecode.swift; path = CKController.swift; sourceTree = "<group>"; };
		87DE57DA24A174D700C3C6FA /* ProgressBar.swift */ = {isa = PBXFileReference; lastKnownFileType = sourcecode.swift; path = ProgressBar.swift; sourceTree = "<group>"; };
		87E16DF02448B52F00DFF2A3 /* PersonalizedViews.swift */ = {isa = PBXFileReference; lastKnownFileType = sourcecode.swift; path = PersonalizedViews.swift; sourceTree = "<group>"; };
		87E16DF22448BAFA00DFF2A3 /* ManualEntryVIew.swift */ = {isa = PBXFileReference; lastKnownFileType = sourcecode.swift; path = ManualEntryVIew.swift; sourceTree = "<group>"; };
		87E16DF42448D1D700DFF2A3 /* AddEntryMenuView.swift */ = {isa = PBXFileReference; lastKnownFileType = sourcecode.swift; path = AddEntryMenuView.swift; sourceTree = "<group>"; };
/* End PBXFileReference section */

/* Begin PBXFrameworksBuildPhase section */
		876C26C02438EC83006DD63B /* Frameworks */ = {
			isa = PBXFrameworksBuildPhase;
			buildActionMask = 2147483647;
			files = (
				87573320246203C500AA587E /* CloudKit.framework in Frameworks */,
			);
			runOnlyForDeploymentPostprocessing = 0;
		};
		876C26D62438EC84006DD63B /* Frameworks */ = {
			isa = PBXFrameworksBuildPhase;
			buildActionMask = 2147483647;
			files = (
			);
			runOnlyForDeploymentPostprocessing = 0;
		};
		876C26E12438EC84006DD63B /* Frameworks */ = {
			isa = PBXFrameworksBuildPhase;
			buildActionMask = 2147483647;
			files = (
			);
			runOnlyForDeploymentPostprocessing = 0;
		};
/* End PBXFrameworksBuildPhase section */

/* Begin PBXGroup section */
		87339130244E2A7C00434489 /* JournalEntryView */ = {
			isa = PBXGroup;
			children = (
				87E16DF22448BAFA00DFF2A3 /* ManualEntryVIew.swift */,
				87482401256C8744008CAB2D /* AnimationImageView.swift */,
				87DE57DA24A174D700C3C6FA /* ProgressBar.swift */,
				8733912E244E2A7000434489 /* EntryTextField.swift */,
				8730AE0524549AF500A47A9D /* EntryVeryfier.swift */,
			);
			path = JournalEntryView;
			sourceTree = "<group>";
		};
		8739FBED243CF892002457F3 /* HomeView */ = {
			isa = PBXGroup;
			children = (
				8733696E25770F610058B330 /* SplashView.swift */,
				876C26CA2438EC83006DD63B /* MasterView.swift */,
				87A3B0EC2592D5E000DB3D3C /* NewDayView.swift */,
				8757332324621F7C00AA587E /* BarMenuView.swift */,
				8757332124621EF800AA587E /* CircleGoalView.swift */,
				87784F332530E41600620406 /* SavedAnimation.swift */,
				876D7620245748940013E8AA /* EntrySavedBanner.swift */,
				87E16DF42448D1D700DFF2A3 /* AddEntryMenuView.swift */,
			);
			path = HomeView;
			sourceTree = "<group>";
		};
		8757331E246203C500AA587E /* Frameworks */ = {
			isa = PBXGroup;
			children = (
				8757331F246203C500AA587E /* CloudKit.framework */,
			);
			name = Frameworks;
			sourceTree = "<group>";
		};
		876A3AC82446259700D0471E /* SettingsVC */ = {
			isa = PBXGroup;
			children = (
				876A3AC62446258D00D0471E /* SettingsView.swift */,
				874CFAD424464283003A273D /* SettingRow.swift */,
			);
			path = SettingsVC;
			sourceTree = "<group>";
		};
		876B477D25506DA70081CF4B /* CloudKit */ = {
			isa = PBXGroup;
			children = (
				8754FCD724B3C6DF0020612C /* ICloudAnimationView.swift */,
				87C7518D24AAB2EE00B426F8 /* CKController.swift */,
			);
			path = CloudKit;
			sourceTree = "<group>";
		};
		876C26BA2438EC83006DD63B = {
			isa = PBXGroup;
			children = (
				876C26C52438EC83006DD63B /* ProteinJournal */,
				876C26DC2438EC84006DD63B /* ProteinJournalTests */,
				876C26E72438EC84006DD63B /* ProteinJournalUITests */,
				876C26C42438EC83006DD63B /* Products */,
				8757331E246203C500AA587E /* Frameworks */,
			);
			sourceTree = "<group>";
		};
		876C26C42438EC83006DD63B /* Products */ = {
			isa = PBXGroup;
			children = (
				876C26C32438EC83006DD63B /* ProteinJournal.app */,
				876C26D92438EC84006DD63B /* ProteinJournalTests.xctest */,
				876C26E42438EC84006DD63B /* ProteinJournalUITests.xctest */,
			);
			name = Products;
			sourceTree = "<group>";
		};
		876C26C52438EC83006DD63B /* ProteinJournal */ = {
			isa = PBXGroup;
			children = (
				8757331D2462033500AA587E /* ProteinJournal.entitlements */,
				876C26C62438EC83006DD63B /* AppDelegate.swift */,
				876C26C82438EC83006DD63B /* SceneDelegate.swift */,
				87467AA2243EE1DF00B03ED4 /* Extenstions.swift */,
				87E16DF02448B52F00DFF2A3 /* PersonalizedViews.swift */,
				876B477D25506DA70081CF4B /* CloudKit */,
				87B0040C244E1D4200956245 /* DataModel */,
				8739FBED243CF892002457F3 /* HomeView */,
				87339130244E2A7C00434489 /* JournalEntryView */,
				876A3AC82446259700D0471E /* SettingsVC */,
				876C26CC2438EC84006DD63B /* Assets.xcassets */,
				876C26D12438EC84006DD63B /* LaunchScreen.storyboard */,
				876C26D42438EC84006DD63B /* Info.plist */,
				876C26CE2438EC84006DD63B /* Preview Content */,
			);
			path = ProteinJournal;
			sourceTree = "<group>";
		};
		876C26CE2438EC84006DD63B /* Preview Content */ = {
			isa = PBXGroup;
			children = (
				876C26CF2438EC84006DD63B /* Preview Assets.xcassets */,
			);
			path = "Preview Content";
			sourceTree = "<group>";
		};
		876C26DC2438EC84006DD63B /* ProteinJournalTests */ = {
			isa = PBXGroup;
			children = (
				876C26DD2438EC84006DD63B /* ProteinJournalTests.swift */,
				876C26DF2438EC84006DD63B /* Info.plist */,
			);
			path = ProteinJournalTests;
			sourceTree = "<group>";
		};
		876C26E72438EC84006DD63B /* ProteinJournalUITests */ = {
			isa = PBXGroup;
			children = (
				876C26E82438EC84006DD63B /* ProteinJournalUITests.swift */,
				876C26EA2438EC84006DD63B /* Info.plist */,
			);
			path = ProteinJournalUITests;
			sourceTree = "<group>";
		};
		87B0040C244E1D4200956245 /* DataModel */ = {
			isa = PBXGroup;
			children = (
				879BE7CF258AE8D60062B6BC /* Model.xcdatamodeld */,
				8773234E256DF21000FB16A2 /* CoreDataController.swift */,
				873369762577F0C90058B330 /* DayHelper.swift */,
			);
			path = DataModel;
			sourceTree = "<group>";
		};
/* End PBXGroup section */

/* Begin PBXNativeTarget section */
		876C26C22438EC83006DD63B /* ProteinJournal */ = {
			isa = PBXNativeTarget;
			buildConfigurationList = 876C26ED2438EC84006DD63B /* Build configuration list for PBXNativeTarget "ProteinJournal" */;
			buildPhases = (
				876C26BF2438EC83006DD63B /* Sources */,
				876C26C02438EC83006DD63B /* Frameworks */,
				876C26C12438EC83006DD63B /* Resources */,
			);
			buildRules = (
			);
			dependencies = (
			);
			name = ProteinJournal;
			productName = ProteinJournal;
			productReference = 876C26C32438EC83006DD63B /* ProteinJournal.app */;
			productType = "com.apple.product-type.application";
		};
		876C26D82438EC84006DD63B /* ProteinJournalTests */ = {
			isa = PBXNativeTarget;
			buildConfigurationList = 876C26F02438EC84006DD63B /* Build configuration list for PBXNativeTarget "ProteinJournalTests" */;
			buildPhases = (
				876C26D52438EC84006DD63B /* Sources */,
				876C26D62438EC84006DD63B /* Frameworks */,
				876C26D72438EC84006DD63B /* Resources */,
			);
			buildRules = (
			);
			dependencies = (
				876C26DB2438EC84006DD63B /* PBXTargetDependency */,
			);
			name = ProteinJournalTests;
			productName = ProteinJournalTests;
			productReference = 876C26D92438EC84006DD63B /* ProteinJournalTests.xctest */;
			productType = "com.apple.product-type.bundle.unit-test";
		};
		876C26E32438EC84006DD63B /* ProteinJournalUITests */ = {
			isa = PBXNativeTarget;
			buildConfigurationList = 876C26F32438EC84006DD63B /* Build configuration list for PBXNativeTarget "ProteinJournalUITests" */;
			buildPhases = (
				876C26E02438EC84006DD63B /* Sources */,
				876C26E12438EC84006DD63B /* Frameworks */,
				876C26E22438EC84006DD63B /* Resources */,
			);
			buildRules = (
			);
			dependencies = (
				876C26E62438EC84006DD63B /* PBXTargetDependency */,
			);
			name = ProteinJournalUITests;
			productName = ProteinJournalUITests;
			productReference = 876C26E42438EC84006DD63B /* ProteinJournalUITests.xctest */;
			productType = "com.apple.product-type.bundle.ui-testing";
		};
/* End PBXNativeTarget section */

/* Begin PBXProject section */
		876C26BB2438EC83006DD63B /* Project object */ = {
			isa = PBXProject;
			attributes = {
				LastSwiftUpdateCheck = 1120;
				LastUpgradeCheck = 1210;
				ORGANIZATIONNAME = GamaTellez;
				TargetAttributes = {
					876C26C22438EC83006DD63B = {
						CreatedOnToolsVersion = 11.2.1;
					};
					876C26D82438EC84006DD63B = {
						CreatedOnToolsVersion = 11.2.1;
						TestTargetID = 876C26C22438EC83006DD63B;
					};
					876C26E32438EC84006DD63B = {
						CreatedOnToolsVersion = 11.2.1;
						TestTargetID = 876C26C22438EC83006DD63B;
					};
				};
			};
			buildConfigurationList = 876C26BE2438EC83006DD63B /* Build configuration list for PBXProject "ProteinJournal" */;
			compatibilityVersion = "Xcode 9.3";
			developmentRegion = en;
			hasScannedForEncodings = 0;
			knownRegions = (
				en,
				Base,
			);
			mainGroup = 876C26BA2438EC83006DD63B;
			productRefGroup = 876C26C42438EC83006DD63B /* Products */;
			projectDirPath = "";
			projectRoot = "";
			targets = (
				876C26C22438EC83006DD63B /* ProteinJournal */,
				876C26D82438EC84006DD63B /* ProteinJournalTests */,
				876C26E32438EC84006DD63B /* ProteinJournalUITests */,
			);
		};
/* End PBXProject section */

/* Begin PBXResourcesBuildPhase section */
		876C26C12438EC83006DD63B /* Resources */ = {
			isa = PBXResourcesBuildPhase;
			buildActionMask = 2147483647;
			files = (
				876C26D32438EC84006DD63B /* LaunchScreen.storyboard in Resources */,
				876C26D02438EC84006DD63B /* Preview Assets.xcassets in Resources */,
				876C26CD2438EC84006DD63B /* Assets.xcassets in Resources */,
			);
			runOnlyForDeploymentPostprocessing = 0;
		};
		876C26D72438EC84006DD63B /* Resources */ = {
			isa = PBXResourcesBuildPhase;
			buildActionMask = 2147483647;
			files = (
			);
			runOnlyForDeploymentPostprocessing = 0;
		};
		876C26E22438EC84006DD63B /* Resources */ = {
			isa = PBXResourcesBuildPhase;
			buildActionMask = 2147483647;
			files = (
			);
			runOnlyForDeploymentPostprocessing = 0;
		};
/* End PBXResourcesBuildPhase section */

/* Begin PBXSourcesBuildPhase section */
		876C26BF2438EC83006DD63B /* Sources */ = {
			isa = PBXSourcesBuildPhase;
			buildActionMask = 2147483647;
			files = (
				87467AA3243EE1DF00B03ED4 /* Extenstions.swift in Sources */,
				879BE7D1258AE8D60062B6BC /* Model.xcdatamodeld in Sources */,
				8733696F25770F610058B330 /* SplashView.swift in Sources */,
				87E16DF12448B52F00DFF2A3 /* PersonalizedViews.swift in Sources */,
				87C7518E24AAB2EE00B426F8 /* CKController.swift in Sources */,
				8754FCD824B3C6DF0020612C /* ICloudAnimationView.swift in Sources */,
				876C26C72438EC83006DD63B /* AppDelegate.swift in Sources */,
				8733912F244E2A7000434489 /* EntryTextField.swift in Sources */,
				876C26C92438EC83006DD63B /* SceneDelegate.swift in Sources */,
				87784F342530E41600620406 /* SavedAnimation.swift in Sources */,
				876C26CB2438EC83006DD63B /* MasterView.swift in Sources */,
				8757332224621EF800AA587E /* CircleGoalView.swift in Sources */,
				876A3AC72446258D00D0471E /* SettingsView.swift in Sources */,
				8773234F256DF21000FB16A2 /* CoreDataController.swift in Sources */,
				87482402256C8744008CAB2D /* AnimationImageView.swift in Sources */,
				8730AE0724549B1C00A47A9D /* EntryVeryfier.swift in Sources */,
				8757332424621F7C00AA587E /* BarMenuView.swift in Sources */,
				87E16DF52448D1D700DFF2A3 /* AddEntryMenuView.swift in Sources */,
				873369772577F0C90058B330 /* DayHelper.swift in Sources */,
				876D7621245748940013E8AA /* EntrySavedBanner.swift in Sources */,
				874CFAD524464283003A273D /* SettingRow.swift in Sources */,
				87DE57DB24A174D700C3C6FA /* ProgressBar.swift in Sources */,
				87A3B0ED2592D5E000DB3D3C /* NewDayView.swift in Sources */,
				87E16DF32448BAFA00DFF2A3 /* ManualEntryVIew.swift in Sources */,
			);
			runOnlyForDeploymentPostprocessing = 0;
		};
		876C26D52438EC84006DD63B /* Sources */ = {
			isa = PBXSourcesBuildPhase;
			buildActionMask = 2147483647;
			files = (
				876C26DE2438EC84006DD63B /* ProteinJournalTests.swift in Sources */,
			);
			runOnlyForDeploymentPostprocessing = 0;
		};
		876C26E02438EC84006DD63B /* Sources */ = {
			isa = PBXSourcesBuildPhase;
			buildActionMask = 2147483647;
			files = (
				876C26E92438EC84006DD63B /* ProteinJournalUITests.swift in Sources */,
			);
			runOnlyForDeploymentPostprocessing = 0;
		};
/* End PBXSourcesBuildPhase section */

/* Begin PBXTargetDependency section */
		876C26DB2438EC84006DD63B /* PBXTargetDependency */ = {
			isa = PBXTargetDependency;
			target = 876C26C22438EC83006DD63B /* ProteinJournal */;
			targetProxy = 876C26DA2438EC84006DD63B /* PBXContainerItemProxy */;
		};
		876C26E62438EC84006DD63B /* PBXTargetDependency */ = {
			isa = PBXTargetDependency;
			target = 876C26C22438EC83006DD63B /* ProteinJournal */;
			targetProxy = 876C26E52438EC84006DD63B /* PBXContainerItemProxy */;
		};
/* End PBXTargetDependency section */

/* Begin PBXVariantGroup section */
		876C26D12438EC84006DD63B /* LaunchScreen.storyboard */ = {
			isa = PBXVariantGroup;
			children = (
				876C26D22438EC84006DD63B /* Base */,
			);
			name = LaunchScreen.storyboard;
			sourceTree = "<group>";
		};
/* End PBXVariantGroup section */

/* Begin XCBuildConfiguration section */
		876C26EB2438EC84006DD63B /* Debug */ = {
			isa = XCBuildConfiguration;
			buildSettings = {
				ALWAYS_SEARCH_USER_PATHS = NO;
				CLANG_ANALYZER_NONNULL = YES;
				CLANG_ANALYZER_NUMBER_OBJECT_CONVERSION = YES_AGGRESSIVE;
				CLANG_CXX_LANGUAGE_STANDARD = "gnu++14";
				CLANG_CXX_LIBRARY = "libc++";
				CLANG_ENABLE_MODULES = YES;
				CLANG_ENABLE_OBJC_ARC = YES;
				CLANG_ENABLE_OBJC_WEAK = YES;
				CLANG_WARN_BLOCK_CAPTURE_AUTORELEASING = YES;
				CLANG_WARN_BOOL_CONVERSION = YES;
				CLANG_WARN_COMMA = YES;
				CLANG_WARN_CONSTANT_CONVERSION = YES;
				CLANG_WARN_DEPRECATED_OBJC_IMPLEMENTATIONS = YES;
				CLANG_WARN_DIRECT_OBJC_ISA_USAGE = YES_ERROR;
				CLANG_WARN_DOCUMENTATION_COMMENTS = YES;
				CLANG_WARN_EMPTY_BODY = YES;
				CLANG_WARN_ENUM_CONVERSION = YES;
				CLANG_WARN_INFINITE_RECURSION = YES;
				CLANG_WARN_INT_CONVERSION = YES;
				CLANG_WARN_NON_LITERAL_NULL_CONVERSION = YES;
				CLANG_WARN_OBJC_IMPLICIT_RETAIN_SELF = YES;
				CLANG_WARN_OBJC_LITERAL_CONVERSION = YES;
				CLANG_WARN_OBJC_ROOT_CLASS = YES_ERROR;
				CLANG_WARN_QUOTED_INCLUDE_IN_FRAMEWORK_HEADER = YES;
				CLANG_WARN_RANGE_LOOP_ANALYSIS = YES;
				CLANG_WARN_STRICT_PROTOTYPES = YES;
				CLANG_WARN_SUSPICIOUS_MOVE = YES;
				CLANG_WARN_UNGUARDED_AVAILABILITY = YES_AGGRESSIVE;
				CLANG_WARN_UNREACHABLE_CODE = YES;
				CLANG_WARN__DUPLICATE_METHOD_MATCH = YES;
				COPY_PHASE_STRIP = NO;
				DEBUG_INFORMATION_FORMAT = dwarf;
				ENABLE_STRICT_OBJC_MSGSEND = YES;
				ENABLE_TESTABILITY = YES;
				GCC_C_LANGUAGE_STANDARD = gnu11;
				GCC_DYNAMIC_NO_PIC = NO;
				GCC_NO_COMMON_BLOCKS = YES;
				GCC_OPTIMIZATION_LEVEL = 0;
				GCC_PREPROCESSOR_DEFINITIONS = (
					"DEBUG=1",
					"$(inherited)",
				);
				GCC_WARN_64_TO_32_BIT_CONVERSION = YES;
				GCC_WARN_ABOUT_RETURN_TYPE = YES_ERROR;
				GCC_WARN_UNDECLARED_SELECTOR = YES;
				GCC_WARN_UNINITIALIZED_AUTOS = YES_AGGRESSIVE;
				GCC_WARN_UNUSED_FUNCTION = YES;
				GCC_WARN_UNUSED_VARIABLE = YES;
				IPHONEOS_DEPLOYMENT_TARGET = 14.1;
				MTL_ENABLE_DEBUG_INFO = INCLUDE_SOURCE;
				MTL_FAST_MATH = YES;
				ONLY_ACTIVE_ARCH = YES;
				SDKROOT = iphoneos;
				SWIFT_ACTIVE_COMPILATION_CONDITIONS = DEBUG;
				SWIFT_OPTIMIZATION_LEVEL = "-Onone";
			};
			name = Debug;
		};
		876C26EC2438EC84006DD63B /* Release */ = {
			isa = XCBuildConfiguration;
			buildSettings = {
				ALWAYS_SEARCH_USER_PATHS = NO;
				CLANG_ANALYZER_NONNULL = YES;
				CLANG_ANALYZER_NUMBER_OBJECT_CONVERSION = YES_AGGRESSIVE;
				CLANG_CXX_LANGUAGE_STANDARD = "gnu++14";
				CLANG_CXX_LIBRARY = "libc++";
				CLANG_ENABLE_MODULES = YES;
				CLANG_ENABLE_OBJC_ARC = YES;
				CLANG_ENABLE_OBJC_WEAK = YES;
				CLANG_WARN_BLOCK_CAPTURE_AUTORELEASING = YES;
				CLANG_WARN_BOOL_CONVERSION = YES;
				CLANG_WARN_COMMA = YES;
				CLANG_WARN_CONSTANT_CONVERSION = YES;
				CLANG_WARN_DEPRECATED_OBJC_IMPLEMENTATIONS = YES;
				CLANG_WARN_DIRECT_OBJC_ISA_USAGE = YES_ERROR;
				CLANG_WARN_DOCUMENTATION_COMMENTS = YES;
				CLANG_WARN_EMPTY_BODY = YES;
				CLANG_WARN_ENUM_CONVERSION = YES;
				CLANG_WARN_INFINITE_RECURSION = YES;
				CLANG_WARN_INT_CONVERSION = YES;
				CLANG_WARN_NON_LITERAL_NULL_CONVERSION = YES;
				CLANG_WARN_OBJC_IMPLICIT_RETAIN_SELF = YES;
				CLANG_WARN_OBJC_LITERAL_CONVERSION = YES;
				CLANG_WARN_OBJC_ROOT_CLASS = YES_ERROR;
				CLANG_WARN_QUOTED_INCLUDE_IN_FRAMEWORK_HEADER = YES;
				CLANG_WARN_RANGE_LOOP_ANALYSIS = YES;
				CLANG_WARN_STRICT_PROTOTYPES = YES;
				CLANG_WARN_SUSPICIOUS_MOVE = YES;
				CLANG_WARN_UNGUARDED_AVAILABILITY = YES_AGGRESSIVE;
				CLANG_WARN_UNREACHABLE_CODE = YES;
				CLANG_WARN__DUPLICATE_METHOD_MATCH = YES;
				COPY_PHASE_STRIP = NO;
				DEBUG_INFORMATION_FORMAT = "dwarf-with-dsym";
				ENABLE_NS_ASSERTIONS = NO;
				ENABLE_STRICT_OBJC_MSGSEND = YES;
				GCC_C_LANGUAGE_STANDARD = gnu11;
				GCC_NO_COMMON_BLOCKS = YES;
				GCC_WARN_64_TO_32_BIT_CONVERSION = YES;
				GCC_WARN_ABOUT_RETURN_TYPE = YES_ERROR;
				GCC_WARN_UNDECLARED_SELECTOR = YES;
				GCC_WARN_UNINITIALIZED_AUTOS = YES_AGGRESSIVE;
				GCC_WARN_UNUSED_FUNCTION = YES;
				GCC_WARN_UNUSED_VARIABLE = YES;
				IPHONEOS_DEPLOYMENT_TARGET = 14.1;
				MTL_ENABLE_DEBUG_INFO = NO;
				MTL_FAST_MATH = YES;
				SDKROOT = iphoneos;
				SWIFT_COMPILATION_MODE = wholemodule;
				SWIFT_OPTIMIZATION_LEVEL = "-O";
				VALIDATE_PRODUCT = YES;
			};
			name = Release;
		};
		876C26EE2438EC84006DD63B /* Debug */ = {
			isa = XCBuildConfiguration;
			buildSettings = {
				ASSETCATALOG_COMPILER_APPICON_NAME = AppIcon;
				CODE_SIGN_ENTITLEMENTS = ProteinJournal/ProteinJournal.entitlements;
				CODE_SIGN_STYLE = Automatic;
				DEVELOPMENT_ASSET_PATHS = "\"ProteinJournal/Preview Content\"";
				DEVELOPMENT_TEAM = FCJBBVX9H7;
				ENABLE_PREVIEWS = YES;
				INFOPLIST_FILE = ProteinJournal/Info.plist;
				LD_RUNPATH_SEARCH_PATHS = (
					"$(inherited)",
					"@executable_path/Frameworks",
				);
				PRODUCT_BUNDLE_IDENTIFIER = gamaTellez.ProteinJournal;
				PRODUCT_NAME = "$(TARGET_NAME)";
				SWIFT_VERSION = 5.0;
				TARGETED_DEVICE_FAMILY = 1;
			};
			name = Debug;
		};
		876C26EF2438EC84006DD63B /* Release */ = {
			isa = XCBuildConfiguration;
			buildSettings = {
				ASSETCATALOG_COMPILER_APPICON_NAME = AppIcon;
				CODE_SIGN_ENTITLEMENTS = ProteinJournal/ProteinJournal.entitlements;
				CODE_SIGN_STYLE = Automatic;
				DEVELOPMENT_ASSET_PATHS = "\"ProteinJournal/Preview Content\"";
				DEVELOPMENT_TEAM = FCJBBVX9H7;
				ENABLE_PREVIEWS = YES;
				INFOPLIST_FILE = ProteinJournal/Info.plist;
				LD_RUNPATH_SEARCH_PATHS = (
					"$(inherited)",
					"@executable_path/Frameworks",
				);
				PRODUCT_BUNDLE_IDENTIFIER = gamaTellez.ProteinJournal;
				PRODUCT_NAME = "$(TARGET_NAME)";
				SWIFT_VERSION = 5.0;
				TARGETED_DEVICE_FAMILY = 1;
			};
			name = Release;
		};
		876C26F12438EC84006DD63B /* Debug */ = {
			isa = XCBuildConfiguration;
			buildSettings = {
				ALWAYS_EMBED_SWIFT_STANDARD_LIBRARIES = YES;
				BUNDLE_LOADER = "$(TEST_HOST)";
				CODE_SIGN_STYLE = Automatic;
				DEVELOPMENT_TEAM = FCJBBVX9H7;
				INFOPLIST_FILE = ProteinJournalTests/Info.plist;
				IPHONEOS_DEPLOYMENT_TARGET = 13.2;
				LD_RUNPATH_SEARCH_PATHS = (
					"$(inherited)",
					"@executable_path/Frameworks",
					"@loader_path/Frameworks",
				);
				PRODUCT_BUNDLE_IDENTIFIER = gamateTellez.ProteinJournalTests;
				PRODUCT_NAME = "$(TARGET_NAME)";
				SWIFT_VERSION = 5.0;
				TARGETED_DEVICE_FAMILY = "1,2";
				TEST_HOST = "$(BUILT_PRODUCTS_DIR)/ProteinJournal.app/ProteinJournal";
			};
			name = Debug;
		};
		876C26F22438EC84006DD63B /* Release */ = {
			isa = XCBuildConfiguration;
			buildSettings = {
				ALWAYS_EMBED_SWIFT_STANDARD_LIBRARIES = YES;
				BUNDLE_LOADER = "$(TEST_HOST)";
				CODE_SIGN_STYLE = Automatic;
				DEVELOPMENT_TEAM = FCJBBVX9H7;
				INFOPLIST_FILE = ProteinJournalTests/Info.plist;
				IPHONEOS_DEPLOYMENT_TARGET = 13.2;
				LD_RUNPATH_SEARCH_PATHS = (
					"$(inherited)",
					"@executable_path/Frameworks",
					"@loader_path/Frameworks",
				);
				PRODUCT_BUNDLE_IDENTIFIER = gamateTellez.ProteinJournalTests;
				PRODUCT_NAME = "$(TARGET_NAME)";
				SWIFT_VERSION = 5.0;
				TARGETED_DEVICE_FAMILY = "1,2";
				TEST_HOST = "$(BUILT_PRODUCTS_DIR)/ProteinJournal.app/ProteinJournal";
			};
			name = Release;
		};
		876C26F42438EC84006DD63B /* Debug */ = {
			isa = XCBuildConfiguration;
			buildSettings = {
				ALWAYS_EMBED_SWIFT_STANDARD_LIBRARIES = YES;
				CODE_SIGN_STYLE = Automatic;
				DEVELOPMENT_TEAM = FCJBBVX9H7;
				INFOPLIST_FILE = ProteinJournalUITests/Info.plist;
				LD_RUNPATH_SEARCH_PATHS = (
					"$(inherited)",
					"@executable_path/Frameworks",
					"@loader_path/Frameworks",
				);
				PRODUCT_BUNDLE_IDENTIFIER = gamateTellez.ProteinJournalUITests;
				PRODUCT_NAME = "$(TARGET_NAME)";
				SWIFT_VERSION = 5.0;
				TARGETED_DEVICE_FAMILY = "1,2";
				TEST_TARGET_NAME = ProteinJournal;
			};
			name = Debug;
		};
		876C26F52438EC84006DD63B /* Release */ = {
			isa = XCBuildConfiguration;
			buildSettings = {
				ALWAYS_EMBED_SWIFT_STANDARD_LIBRARIES = YES;
				CODE_SIGN_STYLE = Automatic;
				DEVELOPMENT_TEAM = FCJBBVX9H7;
				INFOPLIST_FILE = ProteinJournalUITests/Info.plist;
				LD_RUNPATH_SEARCH_PATHS = (
					"$(inherited)",
					"@executable_path/Frameworks",
					"@loader_path/Frameworks",
				);
				PRODUCT_BUNDLE_IDENTIFIER = gamateTellez.ProteinJournalUITests;
				PRODUCT_NAME = "$(TARGET_NAME)";
				SWIFT_VERSION = 5.0;
				TARGETED_DEVICE_FAMILY = "1,2";
				TEST_TARGET_NAME = ProteinJournal;
			};
			name = Release;
		};
/* End XCBuildConfiguration section */

/* Begin XCConfigurationList section */
		876C26BE2438EC83006DD63B /* Build configuration list for PBXProject "ProteinJournal" */ = {
			isa = XCConfigurationList;
			buildConfigurations = (
				876C26EB2438EC84006DD63B /* Debug */,
				876C26EC2438EC84006DD63B /* Release */,
			);
			defaultConfigurationIsVisible = 0;
			defaultConfigurationName = Release;
		};
		876C26ED2438EC84006DD63B /* Build configuration list for PBXNativeTarget "ProteinJournal" */ = {
			isa = XCConfigurationList;
			buildConfigurations = (
				876C26EE2438EC84006DD63B /* Debug */,
				876C26EF2438EC84006DD63B /* Release */,
			);
			defaultConfigurationIsVisible = 0;
			defaultConfigurationName = Release;
		};
		876C26F02438EC84006DD63B /* Build configuration list for PBXNativeTarget "ProteinJournalTests" */ = {
			isa = XCConfigurationList;
			buildConfigurations = (
				876C26F12438EC84006DD63B /* Debug */,
				876C26F22438EC84006DD63B /* Release */,
			);
			defaultConfigurationIsVisible = 0;
			defaultConfigurationName = Release;
		};
		876C26F32438EC84006DD63B /* Build configuration list for PBXNativeTarget "ProteinJournalUITests" */ = {
			isa = XCConfigurationList;
			buildConfigurations = (
				876C26F42438EC84006DD63B /* Debug */,
				876C26F52438EC84006DD63B /* Release */,
			);
			defaultConfigurationIsVisible = 0;
			defaultConfigurationName = Release;
		};
/* End XCConfigurationList section */

/* Begin XCVersionGroup section */
		879BE7CF258AE8D60062B6BC /* Model.xcdatamodeld */ = {
			isa = XCVersionGroup;
			children = (
				879BE7D0258AE8D60062B6BC /* Model.xcdatamodel */,
			);
			currentVersion = 879BE7D0258AE8D60062B6BC /* Model.xcdatamodel */;
			name = Model.xcdatamodeld;
			path = ../../Model.xcdatamodeld;
			sourceTree = "<group>";
			versionGroupType = wrapper.xcdatamodel;
		};
/* End XCVersionGroup section */
	};
	rootObject = 876C26BB2438EC83006DD63B /* Project object */;
}
